
Microsoft Visual Studio Solution File, Format Version 12.00
# Visual Studio Version 16
VisualStudioVersion = 16.0.31402.337
MinimumVisualStudioVersion = 10.0.40219.1
Project("{FAE04EC0-301F-11D3-BF4B-00C04F79EFBC}") = "DAW_Lab2_Sgr15", "DAW_Lab2_Sgr15\DAW_Lab2_Sgr15.csproj", "{702362DD-7D07-406E-B673-EB7BF6127CC9}"
EndProject
Global
	GlobalSection(SolutionConfigurationPlatforms) = preSolution
		Debug|Any CPU = Debug|Any CPU
		Release|Any CPU = Release|Any CPU
	EndGlobalSection
	GlobalSection(ProjectConfigurationPlatforms) = postSolution
		{702362DD-7D07-406E-B673-EB7BF6127CC9}.Debug|Any CPU.ActiveCfg = Debug|Any CPU
		{702362DD-7D07-406E-B673-EB7BF6127CC9}.Debug|Any CPU.Build.0 = Debug|Any CPU
		{702362DD-7D07-406E-B673-EB7BF6127CC9}.Release|Any CPU.ActiveCfg = Release|Any CPU
		{702362DD-7D07-406E-B673-EB7BF6127CC9}.Release|Any CPU.Build.0 = Release|Any CPU
	EndGlobalSection
	GlobalSection(SolutionProperties) = preSolution
		HideSolutionNode = FALSE
	EndGlobalSection
	GlobalSection(ExtensibilityGlobals) = postSolution
		SolutionGuid = {67E5BBB8-C33F-4B5D-885A-6664AA0DE7BE}
	EndGlobalSection
EndGlobal
