
Microsoft Visual Studio Solution File, Format Version 12.00
# Visual Studio Version 16
VisualStudioVersion = 16.0.31402.337
MinimumVisualStudioVersion = 10.0.40219.1
Project("{FAE04EC0-301F-11D3-BF4B-00C04F79EFBC}") = "Lab4_Auth_Sgr15", "Lab4_Auth_Sgr15\Lab4_Auth_Sgr15.csproj", "{FA75754C-D2FB-4004-9DCC-E3781112D60E}"
EndProject
Global
	GlobalSection(SolutionConfigurationPlatforms) = preSolution
		Debug|Any CPU = Debug|Any CPU
		Release|Any CPU = Release|Any CPU
	EndGlobalSection
	GlobalSection(ProjectConfigurationPlatforms) = postSolution
		{FA75754C-D2FB-4004-9DCC-E3781112D60E}.Debug|Any CPU.ActiveCfg = Debug|Any CPU
		{FA75754C-D2FB-4004-9DCC-E3781112D60E}.Debug|Any CPU.Build.0 = Debug|Any CPU
		{FA75754C-D2FB-4004-9DCC-E3781112D60E}.Release|Any CPU.ActiveCfg = Release|Any CPU
		{FA75754C-D2FB-4004-9DCC-E3781112D60E}.Release|Any CPU.Build.0 = Release|Any CPU
	EndGlobalSection
	GlobalSection(SolutionProperties) = preSolution
		HideSolutionNode = FALSE
	EndGlobalSection
	GlobalSection(ExtensibilityGlobals) = postSolution
		SolutionGuid = {41D0FCA3-FA9D-4A4E-A939-9501A9907C7C}
	EndGlobalSection
EndGlobal
